
Microsoft Visual Studio Solution File, Format Version 12.00
# Visual Studio Version 16
VisualStudioVersion = 16.0.31129.286
MinimumVisualStudioVersion = 10.0.40219.1
Project("{FAE04EC0-301F-11D3-BF4B-00C04F79EFBC}") = "SoftPrimes.Server", "SoftPrimes\Server\SoftPrimes.Server.csproj", "{B23271F6-20E2-46DB-96B6-8AB09D8CECBE}"
EndProject
Project("{FAE04EC0-301F-11D3-BF4B-00C04F79EFBC}") = "SoftPrimes.Client", "SoftPrimes\Client\SoftPrimes.Client.csproj", "{D633C024-63DD-4660-B99E-EE6FF98354A6}"
EndProject
Project("{FAE04EC0-301F-11D3-BF4B-00C04F79EFBC}") = "SoftPrimes.Shared", "SoftPrimes\Shared\SoftPrimes.Shared.csproj", "{DD9D63C9-DF38-4025-9E89-D75FD4387F9C}"
EndProject
Project("{FAE04EC0-301F-11D3-BF4B-00C04F79EFBC}") = "SoftPrimes.BLL", "SoftPrimes.BLL\SoftPrimes.BLL.csproj", "{60BB1D26-0DA1-4E7A-9DDD-482C4D2EE3DF}"
EndProject
Project("{FAE04EC0-301F-11D3-BF4B-00C04F79EFBC}") = "SoftPrimes.Service", "SoftPrimes.Service\SoftPrimes.Service.csproj", "{57AA0A4B-1F83-408D-B08E-9D0346633639}"
EndProject
Global
	GlobalSection(SolutionConfigurationPlatforms) = preSolution
		Debug|Any CPU = Debug|Any CPU
		Release|Any CPU = Release|Any CPU
	EndGlobalSection
	GlobalSection(ProjectConfigurationPlatforms) = postSolution
		{B23271F6-20E2-46DB-96B6-8AB09D8CECBE}.Debug|Any CPU.ActiveCfg = Debug|Any CPU
		{B23271F6-20E2-46DB-96B6-8AB09D8CECBE}.Debug|Any CPU.Build.0 = Debug|Any CPU
		{B23271F6-20E2-46DB-96B6-8AB09D8CECBE}.Release|Any CPU.ActiveCfg = Release|Any CPU
		{B23271F6-20E2-46DB-96B6-8AB09D8CECBE}.Release|Any CPU.Build.0 = Release|Any CPU
		{D633C024-63DD-4660-B99E-EE6FF98354A6}.Debug|Any CPU.ActiveCfg = Debug|Any CPU
		{D633C024-63DD-4660-B99E-EE6FF98354A6}.Debug|Any CPU.Build.0 = Debug|Any CPU
		{D633C024-63DD-4660-B99E-EE6FF98354A6}.Release|Any CPU.ActiveCfg = Release|Any CPU
		{D633C024-63DD-4660-B99E-EE6FF98354A6}.Release|Any CPU.Build.0 = Release|Any CPU
		{DD9D63C9-DF38-4025-9E89-D75FD4387F9C}.Debug|Any CPU.ActiveCfg = Debug|Any CPU
		{DD9D63C9-DF38-4025-9E89-D75FD4387F9C}.Debug|Any CPU.Build.0 = Debug|Any CPU
		{DD9D63C9-DF38-4025-9E89-D75FD4387F9C}.Release|Any CPU.ActiveCfg = Release|Any CPU
		{DD9D63C9-DF38-4025-9E89-D75FD4387F9C}.Release|Any CPU.Build.0 = Release|Any CPU
		{60BB1D26-0DA1-4E7A-9DDD-482C4D2EE3DF}.Debug|Any CPU.ActiveCfg = Debug|Any CPU
		{60BB1D26-0DA1-4E7A-9DDD-482C4D2EE3DF}.Debug|Any CPU.Build.0 = Debug|Any CPU
		{60BB1D26-0DA1-4E7A-9DDD-482C4D2EE3DF}.Release|Any CPU.ActiveCfg = Release|Any CPU
		{60BB1D26-0DA1-4E7A-9DDD-482C4D2EE3DF}.Release|Any CPU.Build.0 = Release|Any CPU
		{57AA0A4B-1F83-408D-B08E-9D0346633639}.Debug|Any CPU.ActiveCfg = Debug|Any CPU
		{57AA0A4B-1F83-408D-B08E-9D0346633639}.Debug|Any CPU.Build.0 = Debug|Any CPU
		{57AA0A4B-1F83-408D-B08E-9D0346633639}.Release|Any CPU.ActiveCfg = Release|Any CPU
		{57AA0A4B-1F83-408D-B08E-9D0346633639}.Release|Any CPU.Build.0 = Release|Any CPU
	EndGlobalSection
	GlobalSection(SolutionProperties) = preSolution
		HideSolutionNode = FALSE
	EndGlobalSection
	GlobalSection(ExtensibilityGlobals) = postSolution
		SolutionGuid = {562089FA-F310-4405-B3D3-A48307436508}
	EndGlobalSection
EndGlobal
